<?xml version="1.0" encoding="utf-8"?>
<Project ToolsVersion="4.0" xmlns="http://schemas.microsoft.com/developer/msbuild/2003">
  <ItemGroup>
    <Filter Include="Source Files">
      <UniqueIdentifier>{4FC737F1-C7A5-4376-A066-2A32D752A2FF}</UniqueIdentifier>
      <Extensions>cpp;c;cc;cxx;def;odl;idl;hpj;bat;asm;asmx</Extensions>
    </Filter>
    <Filter Include="Header Files">
      <UniqueIdentifier>{93995380-89BD-4b04-88EB-625FBE52EBFB}</UniqueIdentifier>
      <Extensions>h;hh;hpp;hxx;hm;inl;inc;xsd</Extensions>
    </Filter>
    <Filter Include="Resource Files">
      <UniqueIdentifier>{67DA6AB6-F800-4c08-8B7A-83BB121AAD01}</UniqueIdentifier>
      <Extensions>rc;ico;cur;bmp;dlg;rc2;rct;bin;rgs;gif;jpg;jpeg;jpe;resx;tiff;tif;png;wav;mfcribbon-ms</Extensions>
    </Filter>
  </ItemGroup>
  <ItemGroup>
    <ClCompile Include="code\zigzag_conversion.cpp">
      <Filter>Source Files</Filter>
    </ClCompile>
    <ClCompile Include="code\reverse_string.cpp">
      <Filter>Source Files</Filter>
    </ClCompile>
    <ClCompile Include="code\sum_of_two_integers.cpp">
      <Filter>Source Files</Filter>
    </ClCompile>
    <ClCompile Include="code\single_number.cpp">
      <Filter>Source Files</Filter>
    </ClCompile>
    <ClCompile Include="code\power_of_two.cpp">
      <Filter>Source Files</Filter>
    </ClCompile>
    <ClCompile Include="code\power_of_three.cpp">
      <Filter>Source Files</Filter>
    </ClCompile>
    <ClCompile Include="code\delete_node_in_a_linked_list.cpp">
      <Filter>Source Files</Filter>
    </ClCompile>
    <ClCompile Include="code\sudoku_solver.cpp">
      <Filter>Source Files</Filter>
    </ClCompile>
    <ClCompile Include="code\median_of_two_sorted_arrays.cpp">
      <Filter>Source Files</Filter>
    </ClCompile>
    <ClCompile Include="code\add_two_numbers.cpp">
      <Filter>Source Files</Filter>
    </ClCompile>
    <ClCompile Include="code\longest_substring_without_repeating_characters.cpp">
      <Filter>Source Files</Filter>
    </ClCompile>
    <ClCompile Include="code\longest_palindromic_substring.cpp">
      <Filter>Source Files</Filter>
    </ClCompile>
    <ClCompile Include="code\roman_to_integer.cpp">
      <Filter>Source Files</Filter>
    </ClCompile>
    <ClCompile Include="code\remove_element.cpp">
      <Filter>Source Files</Filter>
    </ClCompile>
    <ClCompile Include="code\valid_boomerang.cpp">
      <Filter>Source Files</Filter>
    </ClCompile>
    <ClCompile Include="code\implement_strstr.cpp">
      <Filter>Source Files</Filter>
    </ClCompile>
    <ClCompile Include="code\length_of_last_word.cpp">
      <Filter>Source Files</Filter>
    </ClCompile>
    <ClCompile Include="code\plus_one.cpp">
      <Filter>Source Files</Filter>
    </ClCompile>
    <ClCompile Include="code\longest_common_prefix.cpp">
      <Filter>Source Files</Filter>
    </ClCompile>
    <ClCompile Include="code\valid_parentheses.cpp">
      <Filter>Source Files</Filter>
    </ClCompile>
    <ClCompile Include="code\excel_sheet_column_title.cpp">
      <Filter>Source Files</Filter>
    </ClCompile>
    <ClCompile Include="code\excel_sheet_column_number.cpp">
      <Filter>Source Files</Filter>
    </ClCompile>
    <ClCompile Include="code\search_insert_position.cpp">
      <Filter>Source Files</Filter>
    </ClCompile>
    <ClCompile Include="code\merge_two_sorted_lists.cpp">
      <Filter>Source Files</Filter>
    </ClCompile>
    <ClCompile Include="code\remove_duplicates_from_sorted_array.cpp">
      <Filter>Source Files</Filter>
    </ClCompile>
    <ClCompile Include="code\remove_duplicates_from_sorted_array_2.cpp">
      <Filter>Source Files</Filter>
    </ClCompile>
    <ClCompile Include="code\add_binary.cpp">
      <Filter>Source Files</Filter>
    </ClCompile>
    <ClCompile Include="code\maximum_subarray.cpp">
      <Filter>Source Files</Filter>
    </ClCompile>
    <ClCompile Include="code\remove_duplicates_from_sorted_list.cpp">
      <Filter>Source Files</Filter>
    </ClCompile>
    <ClCompile Include="code\same_tree.cpp">
      <Filter>Source Files</Filter>
    </ClCompile>
    <ClCompile Include="code\merge_sorted_array.cpp">
      <Filter>Source Files</Filter>
    </ClCompile>
    <ClCompile Include="code\symmetric_tree.cpp">
      <Filter>Source Files</Filter>
    </ClCompile>
    <ClCompile Include="code\maximum_depth_of_binary_tree.cpp">
      <Filter>Source Files</Filter>
    </ClCompile>
    <ClCompile Include="code\binary_tree_level_order_traversal_II.cpp">
      <Filter>Source Files</Filter>
    </ClCompile>
    <ClCompile Include="code\average_of_levels_in_binary_tree.cpp">
      <Filter>Source Files</Filter>
    </ClCompile>
    <ClCompile Include="code\binary_tree_level_order_traversal.cpp">
      <Filter>Source Files</Filter>
    </ClCompile>
    <ClCompile Include="code\minimum_depth_of_binary_tree.cpp">
      <Filter>Source Files</Filter>
    </ClCompile>
    <ClCompile Include="code\convert_sorted_array_to_binary_search_tree.cpp">
      <Filter>Source Files</Filter>
    </ClCompile>
    <ClCompile Include="code\balanced_binary_tree.cpp">
      <Filter>Source Files</Filter>
    </ClCompile>
    <ClCompile Include="code\path_sum.cpp">
      <Filter>Source Files</Filter>
    </ClCompile>
    <ClCompile Include="code\path_sum_III.cpp">
      <Filter>Source Files</Filter>
    </ClCompile>
    <ClCompile Include="code\pascals_triangle.cpp">
      <Filter>Source Files</Filter>
    </ClCompile>
    <ClCompile Include="code\pascals_triangle_II.cpp">
      <Filter>Source Files</Filter>
    </ClCompile>
    <ClCompile Include="code\best_time_to_buy_and_sell_stock.cpp">
      <Filter>Source Files</Filter>
    </ClCompile>
    <ClCompile Include="code\valid_palindrome.cpp">
      <Filter>Source Files</Filter>
    </ClCompile>
    <ClCompile Include="code\valid_palindrome_II.cpp">
      <Filter>Source Files</Filter>
    </ClCompile>
    <ClCompile Include="code\number_of_segments_in_a_string.cpp">
      <Filter>Source Files</Filter>
    </ClCompile>
    <ClCompile Include="code\linked_list_cycle.cpp">
      <Filter>Source Files</Filter>
    </ClCompile>
    <ClCompile Include="code\min_stack.cpp">
      <Filter>Source Files</Filter>
    </ClCompile>
    <ClCompile Include="code\two_sum_II_input_array_is_sorted.cpp">
      <Filter>Source Files</Filter>
    </ClCompile>
    <ClCompile Include="code\majority_element.cpp">
      <Filter>Source Files</Filter>
    </ClCompile>
    <ClCompile Include="code\factorial_trailing_zeroes.cpp">
      <Filter>Source Files</Filter>
    </ClCompile>
    <ClCompile Include="code\rotate_array.cpp">
      <Filter>Source Files</Filter>
    </ClCompile>
    <ClCompile Include="code\reverse_bits.cpp">
      <Filter>Source Files</Filter>
    </ClCompile>
    <ClCompile Include="code\number_of_1_bits.cpp">
      <Filter>Source Files</Filter>
    </ClCompile>
    <ClCompile Include="code\hamming_distance.cpp">
      <Filter>Source Files</Filter>
    </ClCompile>
    <ClCompile Include="code\house_robber.cpp">
      <Filter>Source Files</Filter>
    </ClCompile>
    <ClCompile Include="code\happy_number.cpp">
      <Filter>Source Files</Filter>
    </ClCompile>
    <ClCompile Include="code\squares_of_a_sorted_array.cpp">
      <Filter>Source Files</Filter>
    </ClCompile>
    <ClCompile Include="code\remove_linked_list_elements.cpp">
      <Filter>Source Files</Filter>
    </ClCompile>
    <ClCompile Include="code\count_primes.cpp">
      <Filter>Source Files</Filter>
    </ClCompile>
    <ClCompile Include="code\isomorphic_strings.cpp">
      <Filter>Source Files</Filter>
    </ClCompile>
    <ClCompile Include="code\contains_duplicate.cpp">
      <Filter>Source Files</Filter>
    </ClCompile>
    <ClCompile Include="code\reverse_linked_list.cpp">
      <Filter>Source Files</Filter>
    </ClCompile>
    <ClCompile Include="code\letter_combinations_of_a_phone_number.cpp">
      <Filter>Source Files</Filter>
    </ClCompile>
    <ClCompile Include="code\container_with_most_water.cpp">
      <Filter>Source Files</Filter>
    </ClCompile>
    <ClCompile Include="code\integer_to_roman.cpp">
      <Filter>Source Files</Filter>
    </ClCompile>
    <ClCompile Include="code\3sum.cpp">
      <Filter>Source Files</Filter>
    </ClCompile>
    <ClCompile Include="code\3sum_closest.cpp">
      <Filter>Source Files</Filter>
    </ClCompile>
    <ClCompile Include="code\4sum.cpp">
      <Filter>Source Files</Filter>
    </ClCompile>
    <ClCompile Include="code\remove_nth_node_from_end_of_list.cpp">
      <Filter>Source Files</Filter>
    </ClCompile>
    <ClCompile Include="code\generate_parentheses.cpp">
      <Filter>Source Files</Filter>
    </ClCompile>
    <ClCompile Include="code\swap_nodes_in_pairs.cpp">
      <Filter>Source Files</Filter>
    </ClCompile>
    <ClCompile Include="code\reverse_nodes_in_k_group.cpp">
      <Filter>Source Files</Filter>
    </ClCompile>
  </ItemGroup>
</Project>